
Microsoft Visual Studio Solution File, Format Version 12.00
# Visual Studio 15
VisualStudioVersion = 15.0.28307.329
MinimumVisualStudioVersion = 10.0.40219.1
Project("{8BC9CEB8-8B4A-11D0-8D11-00A0C91BC942}") = "OpenMS", "OpenMS\OpenMS.vcxproj", "{CC09B55D-2805-498C-BDC7-C04F31C97DC0}"
EndProject
Global
	GlobalSection(SolutionConfigurationPlatforms) = preSolution
		Debug|x64 = Debug|x64
		Debug|x86 = Debug|x86
		Release|x64 = Release|x64
		Release|x86 = Release|x86
	EndGlobalSection
	GlobalSection(ProjectConfigurationPlatforms) = postSolution
		{CC09B55D-2805-498C-BDC7-C04F31C97DC0}.Debug|x64.ActiveCfg = Debug|x64
		{CC09B55D-2805-498C-BDC7-C04F31C97DC0}.Debug|x64.Build.0 = Debug|x64
		{CC09B55D-2805-498C-BDC7-C04F31C97DC0}.Debug|x86.ActiveCfg = Debug|Win32
		{CC09B55D-2805-498C-BDC7-C04F31C97DC0}.Debug|x86.Build.0 = Debug|Win32
		{CC09B55D-2805-498C-BDC7-C04F31C97DC0}.Release|x64.ActiveCfg = Release|x64
		{CC09B55D-2805-498C-BDC7-C04F31C97DC0}.Release|x64.Build.0 = Release|x64
		{CC09B55D-2805-498C-BDC7-C04F31C97DC0}.Release|x86.ActiveCfg = Release|Win32
		{CC09B55D-2805-498C-BDC7-C04F31C97DC0}.Release|x86.Build.0 = Release|Win32
	EndGlobalSection
	GlobalSection(SolutionProperties) = preSolution
		HideSolutionNode = FALSE
	EndGlobalSection
	GlobalSection(ExtensibilityGlobals) = postSolution
		SolutionGuid = {2E0E510B-F040-4050-A049-269E370D16DB}
	EndGlobalSection
EndGlobal
