
Microsoft Visual Studio Solution File, Format Version 12.00
# Visual Studio 15
Project("{8BC9CEB8-8B4A-11D0-8D11-00A0C91BC942}") = "OpenMSWindows", "OpenMSWindows\OpenMSWindows.vcxproj", "{6294A378-CE54-1FAF-978F-682C030F648B}"
EndProject
Project("{8BC9CEB8-8B4A-11D0-8D11-00A0C91BC942}") = "OpenMS", "OpenMS\OpenMS.vcxproj", "{57874AC8-4329-759E-2CE4-88F21825FCEE}"
EndProject
Project("{8BC9CEB8-8B4A-11D0-8D11-00A0C91BC942}") = "OpenMSLinux", "OpenMSLinux\OpenMSLinux.vcxproj", "{4773823F-B328-FB34-3C1D-F50BA8D1F138}"
EndProject
Global
	GlobalSection(SolutionConfigurationPlatforms) = preSolution
		Debug|x64 = Debug|x64
		Dist|x64 = Dist|x64
		Release|x64 = Release|x64
	EndGlobalSection
	GlobalSection(ProjectConfigurationPlatforms) = postSolution
		{6294A378-CE54-1FAF-978F-682C030F648B}.Debug|x64.ActiveCfg = Debug|x64
		{6294A378-CE54-1FAF-978F-682C030F648B}.Debug|x64.Build.0 = Debug|x64
		{6294A378-CE54-1FAF-978F-682C030F648B}.Dist|x64.ActiveCfg = Dist|x64
		{6294A378-CE54-1FAF-978F-682C030F648B}.Dist|x64.Build.0 = Dist|x64
		{6294A378-CE54-1FAF-978F-682C030F648B}.Release|x64.ActiveCfg = Release|x64
		{6294A378-CE54-1FAF-978F-682C030F648B}.Release|x64.Build.0 = Release|x64
		{57874AC8-4329-759E-2CE4-88F21825FCEE}.Debug|x64.ActiveCfg = Debug|x64
		{57874AC8-4329-759E-2CE4-88F21825FCEE}.Debug|x64.Build.0 = Debug|x64
		{57874AC8-4329-759E-2CE4-88F21825FCEE}.Dist|x64.ActiveCfg = Dist|x64
		{57874AC8-4329-759E-2CE4-88F21825FCEE}.Dist|x64.Build.0 = Dist|x64
		{57874AC8-4329-759E-2CE4-88F21825FCEE}.Release|x64.ActiveCfg = Release|x64
		{57874AC8-4329-759E-2CE4-88F21825FCEE}.Release|x64.Build.0 = Release|x64
		{4773823F-B328-FB34-3C1D-F50BA8D1F138}.Debug|x64.ActiveCfg = Debug|x64
		{4773823F-B328-FB34-3C1D-F50BA8D1F138}.Debug|x64.Build.0 = Debug|x64
		{4773823F-B328-FB34-3C1D-F50BA8D1F138}.Dist|x64.ActiveCfg = Dist|x64
		{4773823F-B328-FB34-3C1D-F50BA8D1F138}.Dist|x64.Build.0 = Dist|x64
		{4773823F-B328-FB34-3C1D-F50BA8D1F138}.Release|x64.ActiveCfg = Release|x64
		{4773823F-B328-FB34-3C1D-F50BA8D1F138}.Release|x64.Build.0 = Release|x64
	EndGlobalSection
	GlobalSection(SolutionProperties) = preSolution
		HideSolutionNode = FALSE
	EndGlobalSection
EndGlobal
