<?xml version="1.0" encoding="utf-8"?>
<Project ToolsVersion="4.0" xmlns="http://schemas.microsoft.com/developer/msbuild/2003">
  <ItemGroup>
    <Filter Include="Network">
      <UniqueIdentifier>{28e408cd-86d2-4af5-ad77-5434c2af5ba7}</UniqueIdentifier>
    </Filter>
    <Filter Include="IO">
      <UniqueIdentifier>{5431aadb-cb88-478e-b60f-ddcde1a6a8fd}</UniqueIdentifier>
    </Filter>
    <Filter Include="Exceptions">
      <UniqueIdentifier>{2e4ef493-78a9-4226-9a44-917be00dd466}</UniqueIdentifier>
    </Filter>
    <Filter Include="Common">
      <UniqueIdentifier>{b789eac2-9a4e-4ac6-87d0-b17514fd64e0}</UniqueIdentifier>
    </Filter>
  </ItemGroup>
  <ItemGroup>
    <ClInclude Include="$(MSBuildThisFileDirectory)Exceptions\Exception.hpp">
      <Filter>Exceptions</Filter>
    </ClInclude>
    <ClInclude Include="$(MSBuildThisFileDirectory)Exceptions\ExceptionStatus.hpp">
      <Filter>Exceptions</Filter>
    </ClInclude>
    <ClInclude Include="$(MSBuildThisFileDirectory)IO\IReadable.hpp">
      <Filter>IO</Filter>
    </ClInclude>
    <ClInclude Include="$(MSBuildThisFileDirectory)IO\IStream.hpp">
      <Filter>IO</Filter>
    </ClInclude>
    <ClInclude Include="$(MSBuildThisFileDirectory)IO\IWriteable.hpp">
      <Filter>IO</Filter>
    </ClInclude>
    <ClInclude Include="$(MSBuildThisFileDirectory)Network\Socket.hpp">
      <Filter>Network</Filter>
    </ClInclude>
    <ClInclude Include="$(MSBuildThisFileDirectory)Network\SocketException.hpp">
      <Filter>Network</Filter>
    </ClInclude>
    <ClInclude Include="$(MSBuildThisFileDirectory)Network\WsaException.hpp">
      <Filter>Network</Filter>
    </ClInclude>
    <ClInclude Include="$(MSBuildThisFileDirectory)Common\Common.hpp">
      <Filter>Common</Filter>
    </ClInclude>
  </ItemGroup>
  <ItemGroup>
    <ClCompile Include="$(MSBuildThisFileDirectory)Network\Socket.cpp">
      <Filter>Network</Filter>
    </ClCompile>
    <ClCompile Include="$(MSBuildThisFileDirectory)Main.cpp" />
  </ItemGroup>
</Project>